
Microsoft Visual Studio Solution File, Format Version 12.00
# Visual Studio Version 17
VisualStudioVersion = 17.0.31903.59
MinimumVisualStudioVersion = 10.0.40219.1
Project("{2150E333-8FDC-42A3-9474-1A3956D46DE8}") = "src", "src", "{A2BB4F08-CD45-42EF-87A0-F89A28E8588A}"
EndProject
Project("{2150E333-8FDC-42A3-9474-1A3956D46DE8}") = "tests", "tests", "{5EC4929B-8289-42B4-BF4F-F7D799FFE1DB}"
EndProject
Project("{2150E333-8FDC-42A3-9474-1A3956D46DE8}") = "Backend", "Backend", "{66540533-D094-4416-8B4F-44EAA1951FCB}"
EndProject
Project("{2150E333-8FDC-42A3-9474-1A3956D46DE8}") = "Shared", "Shared", "{B5DAB547-40DA-40FD-8ADC-AC961F31FDE4}"
EndProject
Project("{FAE04EC0-301F-11D3-BF4B-00C04F79EFBC}") = "Receitas.Exceptions", "src\Shared\Receitas.Exceptions\Receitas.Exceptions.csproj", "{B5E4E31F-FC88-468C-9678-17F8BA259A25}"
EndProject
Project("{FAE04EC0-301F-11D3-BF4B-00C04F79EFBC}") = "Receitas.Communications", "src\Shared\Receitas.Communications\Receitas.Communications.csproj", "{C06ADB0D-DFCE-4E3E-80C4-B593A70C15B5}"
EndProject
Project("{FAE04EC0-301F-11D3-BF4B-00C04F79EFBC}") = "Receitas.Application", "src\Backend\Receitas.Application\Receitas.Application.csproj", "{084C3E21-B213-4211-8192-441E8AF244A6}"
EndProject
Project("{FAE04EC0-301F-11D3-BF4B-00C04F79EFBC}") = "Receitas.Domain", "src\Backend\Receitas.Domain\Receitas.Domain.csproj", "{1AF230E6-E7A0-4330-B618-9DF219C067DA}"
EndProject
Project("{FAE04EC0-301F-11D3-BF4B-00C04F79EFBC}") = "Receitas.Infrastructure", "src\Backend\Receitas.Infrastructure\Receitas.Infrastructure.csproj", "{7D32321B-8B6C-4F20-9B6B-6A6CC17647B2}"
EndProject
Project("{FAE04EC0-301F-11D3-BF4B-00C04F79EFBC}") = "Receitas.API", "src\Backend\Receitas.API\Receitas.API.csproj", "{E1227820-5616-4B8B-80FF-A168BA73B519}"
EndProject
Project("{FAE04EC0-301F-11D3-BF4B-00C04F79EFBC}") = "Validators.Test", "tests\Validators.Test\Validators.Test.csproj", "{A8A16B11-6743-4064-A502-76E64C5BB9B7}"
EndProject
Project("{FAE04EC0-301F-11D3-BF4B-00C04F79EFBC}") = "UseCase.Test", "tests\UseCase.Test\UseCase.Test.csproj", "{CB33CDC1-BA42-4CE6-A09C-BA299D955663}"
EndProject
Project("{FAE04EC0-301F-11D3-BF4B-00C04F79EFBC}") = "WebApi.Test", "tests\WebApi.Test\WebApi.Test.csproj", "{76429574-2D6A-4B4E-996F-B9AFBCB9E350}"
EndProject
Global
	GlobalSection(SolutionConfigurationPlatforms) = preSolution
		Debug|Any CPU = Debug|Any CPU
		Release|Any CPU = Release|Any CPU
	EndGlobalSection
	GlobalSection(SolutionProperties) = preSolution
		HideSolutionNode = FALSE
	EndGlobalSection
	GlobalSection(NestedProjects) = preSolution
		{66540533-D094-4416-8B4F-44EAA1951FCB} = {A2BB4F08-CD45-42EF-87A0-F89A28E8588A}
		{B5DAB547-40DA-40FD-8ADC-AC961F31FDE4} = {A2BB4F08-CD45-42EF-87A0-F89A28E8588A}
		{B5E4E31F-FC88-468C-9678-17F8BA259A25} = {B5DAB547-40DA-40FD-8ADC-AC961F31FDE4}
		{C06ADB0D-DFCE-4E3E-80C4-B593A70C15B5} = {B5DAB547-40DA-40FD-8ADC-AC961F31FDE4}
		{084C3E21-B213-4211-8192-441E8AF244A6} = {66540533-D094-4416-8B4F-44EAA1951FCB}
		{1AF230E6-E7A0-4330-B618-9DF219C067DA} = {66540533-D094-4416-8B4F-44EAA1951FCB}
		{7D32321B-8B6C-4F20-9B6B-6A6CC17647B2} = {66540533-D094-4416-8B4F-44EAA1951FCB}
		{E1227820-5616-4B8B-80FF-A168BA73B519} = {66540533-D094-4416-8B4F-44EAA1951FCB}
		{A8A16B11-6743-4064-A502-76E64C5BB9B7} = {5EC4929B-8289-42B4-BF4F-F7D799FFE1DB}
		{CB33CDC1-BA42-4CE6-A09C-BA299D955663} = {5EC4929B-8289-42B4-BF4F-F7D799FFE1DB}
		{76429574-2D6A-4B4E-996F-B9AFBCB9E350} = {5EC4929B-8289-42B4-BF4F-F7D799FFE1DB}
	EndGlobalSection
	GlobalSection(ProjectConfigurationPlatforms) = postSolution
		{B5E4E31F-FC88-468C-9678-17F8BA259A25}.Debug|Any CPU.ActiveCfg = Debug|Any CPU
		{B5E4E31F-FC88-468C-9678-17F8BA259A25}.Debug|Any CPU.Build.0 = Debug|Any CPU
		{B5E4E31F-FC88-468C-9678-17F8BA259A25}.Release|Any CPU.ActiveCfg = Release|Any CPU
		{B5E4E31F-FC88-468C-9678-17F8BA259A25}.Release|Any CPU.Build.0 = Release|Any CPU
		{C06ADB0D-DFCE-4E3E-80C4-B593A70C15B5}.Debug|Any CPU.ActiveCfg = Debug|Any CPU
		{C06ADB0D-DFCE-4E3E-80C4-B593A70C15B5}.Debug|Any CPU.Build.0 = Debug|Any CPU
		{C06ADB0D-DFCE-4E3E-80C4-B593A70C15B5}.Release|Any CPU.ActiveCfg = Release|Any CPU
		{C06ADB0D-DFCE-4E3E-80C4-B593A70C15B5}.Release|Any CPU.Build.0 = Release|Any CPU
		{084C3E21-B213-4211-8192-441E8AF244A6}.Debug|Any CPU.ActiveCfg = Debug|Any CPU
		{084C3E21-B213-4211-8192-441E8AF244A6}.Debug|Any CPU.Build.0 = Debug|Any CPU
		{084C3E21-B213-4211-8192-441E8AF244A6}.Release|Any CPU.ActiveCfg = Release|Any CPU
		{084C3E21-B213-4211-8192-441E8AF244A6}.Release|Any CPU.Build.0 = Release|Any CPU
		{1AF230E6-E7A0-4330-B618-9DF219C067DA}.Debug|Any CPU.ActiveCfg = Debug|Any CPU
		{1AF230E6-E7A0-4330-B618-9DF219C067DA}.Debug|Any CPU.Build.0 = Debug|Any CPU
		{1AF230E6-E7A0-4330-B618-9DF219C067DA}.Release|Any CPU.ActiveCfg = Release|Any CPU
		{1AF230E6-E7A0-4330-B618-9DF219C067DA}.Release|Any CPU.Build.0 = Release|Any CPU
		{7D32321B-8B6C-4F20-9B6B-6A6CC17647B2}.Debug|Any CPU.ActiveCfg = Debug|Any CPU
		{7D32321B-8B6C-4F20-9B6B-6A6CC17647B2}.Debug|Any CPU.Build.0 = Debug|Any CPU
		{7D32321B-8B6C-4F20-9B6B-6A6CC17647B2}.Release|Any CPU.ActiveCfg = Release|Any CPU
		{7D32321B-8B6C-4F20-9B6B-6A6CC17647B2}.Release|Any CPU.Build.0 = Release|Any CPU
		{E1227820-5616-4B8B-80FF-A168BA73B519}.Debug|Any CPU.ActiveCfg = Debug|Any CPU
		{E1227820-5616-4B8B-80FF-A168BA73B519}.Debug|Any CPU.Build.0 = Debug|Any CPU
		{E1227820-5616-4B8B-80FF-A168BA73B519}.Release|Any CPU.ActiveCfg = Release|Any CPU
		{E1227820-5616-4B8B-80FF-A168BA73B519}.Release|Any CPU.Build.0 = Release|Any CPU
		{A8A16B11-6743-4064-A502-76E64C5BB9B7}.Debug|Any CPU.ActiveCfg = Debug|Any CPU
		{A8A16B11-6743-4064-A502-76E64C5BB9B7}.Debug|Any CPU.Build.0 = Debug|Any CPU
		{A8A16B11-6743-4064-A502-76E64C5BB9B7}.Release|Any CPU.ActiveCfg = Release|Any CPU
		{A8A16B11-6743-4064-A502-76E64C5BB9B7}.Release|Any CPU.Build.0 = Release|Any CPU
		{CB33CDC1-BA42-4CE6-A09C-BA299D955663}.Debug|Any CPU.ActiveCfg = Debug|Any CPU
		{CB33CDC1-BA42-4CE6-A09C-BA299D955663}.Debug|Any CPU.Build.0 = Debug|Any CPU
		{CB33CDC1-BA42-4CE6-A09C-BA299D955663}.Release|Any CPU.ActiveCfg = Release|Any CPU
		{CB33CDC1-BA42-4CE6-A09C-BA299D955663}.Release|Any CPU.Build.0 = Release|Any CPU
		{76429574-2D6A-4B4E-996F-B9AFBCB9E350}.Debug|Any CPU.ActiveCfg = Debug|Any CPU
		{76429574-2D6A-4B4E-996F-B9AFBCB9E350}.Debug|Any CPU.Build.0 = Debug|Any CPU
		{76429574-2D6A-4B4E-996F-B9AFBCB9E350}.Release|Any CPU.ActiveCfg = Release|Any CPU
		{76429574-2D6A-4B4E-996F-B9AFBCB9E350}.Release|Any CPU.Build.0 = Release|Any CPU
	EndGlobalSection
EndGlobal
